{
  "name": "social-shots-mcp",
  "version": "1.0.3",
  "lockfileVersion": 3,
  "requires": true,
  "packages": {
    "": {
      "name": "social-shots-mcp",
      "version": "1.0.3",
      "license": "MIT",
      "bin": {
        "social-shots": "index.js"
      },
      "engines": {
        "node": ">=18"
      }
    }
  }
}
